// !$*UTF8*$!
{
	archiveVersion = 1;
	classes = {
	};
	objectVersion = 56;
	objects = {

/* Begin PBXBuildFile section */
		31A847162A3304B0009B6903 /* AppDelegate.swift in Sources */ = {isa = PBXBuildFile; fileRef = 31A847152A3304B0009B6903 /* AppDelegate.swift */; };
		31A8471F2A3304B1009B6903 /* Assets.xcassets in Resources */ = {isa = PBXBuildFile; fileRef = 31A8471E2A3304B1009B6903 /* Assets.xcassets */; };
		31A847222A3304B1009B6903 /* LaunchScreen.storyboard in Resources */ = {isa = PBXBuildFile; fileRef = 31A847202A3304B1009B6903 /* LaunchScreen.storyboard */; };
		31A8472D2A3304B1009B6903 /* MovieExplorerTests.swift in Sources */ = {isa = PBXBuildFile; fileRef = 31A8472C2A3304B1009B6903 /* MovieExplorerTests.swift */; };
		31A847372A3304B1009B6903 /* MovieExplorerUITests.swift in Sources */ = {isa = PBXBuildFile; fileRef = 31A847362A3304B1009B6903 /* MovieExplorerUITests.swift */; };
		31A847392A3304B1009B6903 /* MovieExplorerUITestsLaunchTests.swift in Sources */ = {isa = PBXBuildFile; fileRef = 31A847382A3304B1009B6903 /* MovieExplorerUITestsLaunchTests.swift */; };
		31A847C42A33086E009B6903 /* ParameterEncoding.swift in Sources */ = {isa = PBXBuildFile; fileRef = 31A847B42A33086E009B6903 /* ParameterEncoding.swift */; };
		31A847C52A33086E009B6903 /* URLParameterEncoding.swift in Sources */ = {isa = PBXBuildFile; fileRef = 31A847B52A33086E009B6903 /* URLParameterEncoding.swift */; };
		31A847C62A33086E009B6903 /* JSONParameterEncoder.swift in Sources */ = {isa = PBXBuildFile; fileRef = 31A847B62A33086E009B6903 /* JSONParameterEncoder.swift */; };
		31A847C72A33086E009B6903 /* MoviesEndpoints.swift in Sources */ = {isa = PBXBuildFile; fileRef = 31A847B82A33086E009B6903 /* MoviesEndpoints.swift */; };
		31A847C82A33086E009B6903 /* SyncDataManager.swift in Sources */ = {isa = PBXBuildFile; fileRef = 31A847BA2A33086E009B6903 /* SyncDataManager.swift */; };
		31A847C92A33086E009B6903 /* HTTPTask.swift in Sources */ = {isa = PBXBuildFile; fileRef = 31A847BC2A33086E009B6903 /* HTTPTask.swift */; };
		31A847CA2A33086E009B6903 /* HTTPMethod.swift in Sources */ = {isa = PBXBuildFile; fileRef = 31A847BD2A33086E009B6903 /* HTTPMethod.swift */; };
		31A847CB2A33086E009B6903 /* Router.swift in Sources */ = {isa = PBXBuildFile; fileRef = 31A847BE2A33086E009B6903 /* Router.swift */; };
		31A847CC2A33086E009B6903 /* HTTPHeaders.swift in Sources */ = {isa = PBXBuildFile; fileRef = 31A847BF2A33086E009B6903 /* HTTPHeaders.swift */; };
		31A847CD2A33086E009B6903 /* NetworkLogger.swift in Sources */ = {isa = PBXBuildFile; fileRef = 31A847C02A33086E009B6903 /* NetworkLogger.swift */; };
		31A847CE2A33086E009B6903 /* EndPointType.swift in Sources */ = {isa = PBXBuildFile; fileRef = 31A847C12A33086E009B6903 /* EndPointType.swift */; };
		31A847CF2A33086E009B6903 /* Manager.swift in Sources */ = {isa = PBXBuildFile; fileRef = 31A847C32A33086E009B6903 /* Manager.swift */; };
		31A847D32A3308A5009B6903 /* Movie.swift in Sources */ = {isa = PBXBuildFile; fileRef = 31A847D12A3308A5009B6903 /* Movie.swift */; };
		31A847D42A3308A5009B6903 /* Movies.swift in Sources */ = {isa = PBXBuildFile; fileRef = 31A847D22A3308A5009B6903 /* Movies.swift */; };
		31A847D72A3308DE009B6903 /* Realm in Frameworks */ = {isa = PBXBuildFile; productRef = 31A847D62A3308DE009B6903 /* Realm */; };
		31A847D92A3308DE009B6903 /* RealmSwift in Frameworks */ = {isa = PBXBuildFile; productRef = 31A847D82A3308DE009B6903 /* RealmSwift */; };
		31A847E02A3308F5009B6903 /* Decodable+Extension.swift in Sources */ = {isa = PBXBuildFile; fileRef = 31A847DB2A3308F4009B6903 /* Decodable+Extension.swift */; };
		31A847E12A3308F5009B6903 /* FontConstants.swift in Sources */ = {isa = PBXBuildFile; fileRef = 31A847DC2A3308F5009B6903 /* FontConstants.swift */; };
		31A847E22A3308F5009B6903 /* UIColor+HexStringHelper.swift in Sources */ = {isa = PBXBuildFile; fileRef = 31A847DD2A3308F5009B6903 /* UIColor+HexStringHelper.swift */; };
		31A847E32A3308F5009B6903 /* ColorConstants.swift in Sources */ = {isa = PBXBuildFile; fileRef = 31A847DE2A3308F5009B6903 /* ColorConstants.swift */; };
		31A847E42A3308F5009B6903 /* kAPI.swift in Sources */ = {isa = PBXBuildFile; fileRef = 31A847DF2A3308F5009B6903 /* kAPI.swift */; };
		31A847E62A33090C009B6903 /* SceneDelegate.swift in Sources */ = {isa = PBXBuildFile; fileRef = 31A847E52A33090C009B6903 /* SceneDelegate.swift */; };
		31CF4AF32A330AA90044A51D /* HomeTabSelectorHeaderView.swift in Sources */ = {isa = PBXBuildFile; fileRef = 31CF4AF02A330AA90044A51D /* HomeTabSelectorHeaderView.swift */; };
		31CF4AF42A330AA90044A51D /* HomeTabSelectorCell.swift in Sources */ = {isa = PBXBuildFile; fileRef = 31CF4AF12A330AA90044A51D /* HomeTabSelectorCell.swift */; };
		31CF4B6D2A330C060044A51D /* Univers-CondensedLight.ttf in Resources */ = {isa = PBXBuildFile; fileRef = 31CF4B4E2A330C060044A51D /* Univers-CondensedLight.ttf */; };
		31CF4B6E2A330C060044A51D /* Univers-Light.ttf in Resources */ = {isa = PBXBuildFile; fileRef = 31CF4B4F2A330C060044A51D /* Univers-Light.ttf */; };
		31CF4B6F2A330C060044A51D /* Univers-Bold.ttf in Resources */ = {isa = PBXBuildFile; fileRef = 31CF4B502A330C060044A51D /* Univers-Bold.ttf */; };
		31CF4B702A330C060044A51D /* Univers-CondensedBold.ttf in Resources */ = {isa = PBXBuildFile; fileRef = 31CF4B512A330C060044A51D /* Univers-CondensedBold.ttf */; };
		31CF4B712A330C060044A51D /* Univers-Condensed.ttf in Resources */ = {isa = PBXBuildFile; fileRef = 31CF4B522A330C060044A51D /* Univers-Condensed.ttf */; };
		31CF4B722A330C060044A51D /* Univers.ttf in Resources */ = {isa = PBXBuildFile; fileRef = 31CF4B532A330C060044A51D /* Univers.ttf */; };
		31CF4B732A330C060044A51D /* Univers-BlackOblique.ttf in Resources */ = {isa = PBXBuildFile; fileRef = 31CF4B542A330C060044A51D /* Univers-BlackOblique.ttf */; };
		31CF4B742A330C060044A51D /* Univers-Oblique.ttf in Resources */ = {isa = PBXBuildFile; fileRef = 31CF4B552A330C060044A51D /* Univers-Oblique.ttf */; };
		31CF4B752A330C060044A51D /* Univers-BoldOblique.ttf in Resources */ = {isa = PBXBuildFile; fileRef = 31CF4B562A330C060044A51D /* Univers-BoldOblique.ttf */; };
		31CF4B762A330C060044A51D /* Univers-CondensedOblique.ttf in Resources */ = {isa = PBXBuildFile; fileRef = 31CF4B572A330C060044A51D /* Univers-CondensedOblique.ttf */; };
		31CF4B772A330C060044A51D /* Univers-CondensedBoldOblique.ttf in Resources */ = {isa = PBXBuildFile; fileRef = 31CF4B582A330C060044A51D /* Univers-CondensedBoldOblique.ttf */; };
		31CF4B782A330C060044A51D /* Univers-CondensedLightOblique.ttf in Resources */ = {isa = PBXBuildFile; fileRef = 31CF4B592A330C060044A51D /* Univers-CondensedLightOblique.ttf */; };
		31CF4B792A330C060044A51D /* Univers-LightOblique.ttf in Resources */ = {isa = PBXBuildFile; fileRef = 31CF4B5A2A330C060044A51D /* Univers-LightOblique.ttf */; };
		31CF4B7A2A330C060044A51D /* Univers-Black.ttf in Resources */ = {isa = PBXBuildFile; fileRef = 31CF4B5B2A330C060044A51D /* Univers-Black.ttf */; };
		31CF4B7B2A330C060044A51D /* Montserrat-Bold.ttf in Resources */ = {isa = PBXBuildFile; fileRef = 31CF4B5D2A330C060044A51D /* Montserrat-Bold.ttf */; };
		31CF4B7C2A330C060044A51D /* Montserrat-Regular.ttf in Resources */ = {isa = PBXBuildFile; fileRef = 31CF4B5E2A330C060044A51D /* Montserrat-Regular.ttf */; };
		31CF4B7F2A3311000044A51D /* SnapKit in Frameworks */ = {isa = PBXBuildFile; productRef = 31CF4B7E2A3311000044A51D /* SnapKit */; };
		31CF4B812A33118C0044A51D /* String+isBlank.swift in Sources */ = {isa = PBXBuildFile; fileRef = 31CF4B802A33118C0044A51D /* String+isBlank.swift */; };
		31CF4B832A33137A0044A51D /* UIImage+ImageName.swift in Sources */ = {isa = PBXBuildFile; fileRef = 31CF4B822A33137A0044A51D /* UIImage+ImageName.swift */; };
		31CF4B852A331AEC0044A51D /* CustomTextField.swift in Sources */ = {isa = PBXBuildFile; fileRef = 31CF4B842A331AEC0044A51D /* CustomTextField.swift */; };
		31CF4B882A332C090044A51D /* SkeletonView in Frameworks */ = {isa = PBXBuildFile; productRef = 31CF4B872A332C090044A51D /* SkeletonView */; };
		31CF4B9C2A33320A0044A51D /* Effra-BoldItalic.ttf in Resources */ = {isa = PBXBuildFile; fileRef = 31CF4B8B2A33320A0044A51D /* Effra-BoldItalic.ttf */; };
		31CF4B9E2A33320A0044A51D /* Effra-Regular.ttf in Resources */ = {isa = PBXBuildFile; fileRef = 31CF4B8D2A33320A0044A51D /* Effra-Regular.ttf */; };
		31CF4B9F2A33320A0044A51D /* Effra-Bold.ttf in Resources */ = {isa = PBXBuildFile; fileRef = 31CF4B8E2A33320A0044A51D /* Effra-Bold.ttf */; };
		31CF4BA02A33320A0044A51D /* Effra-Italic.ttf in Resources */ = {isa = PBXBuildFile; fileRef = 31CF4B8F2A33320A0044A51D /* Effra-Italic.ttf */; };
		31CF4BA22A33320A0044A51D /* EffraLight-Italic.ttf in Resources */ = {isa = PBXBuildFile; fileRef = 31CF4B922A33320A0044A51D /* EffraLight-Italic.ttf */; };
		31CF4BA32A33320A0044A51D /* EffraLight-Regular.ttf in Resources */ = {isa = PBXBuildFile; fileRef = 31CF4B932A33320A0044A51D /* EffraLight-Regular.ttf */; };
		31CF4BA42A33320A0044A51D /* EffraHeavy-Regular.ttf in Resources */ = {isa = PBXBuildFile; fileRef = 31CF4B952A33320A0044A51D /* EffraHeavy-Regular.ttf */; };
		31CF4BA52A33320A0044A51D /* EffraHeavy-Italic.ttf in Resources */ = {isa = PBXBuildFile; fileRef = 31CF4B962A33320A0044A51D /* EffraHeavy-Italic.ttf */; };
		31CF4BA82A33320A0044A51D /* EffraMedium-Regular.ttf in Resources */ = {isa = PBXBuildFile; fileRef = 31CF4B9A2A33320A0044A51D /* EffraMedium-Regular.ttf */; };
		31CF4BA92A33320A0044A51D /* EffraMedium-Italic.ttf in Resources */ = {isa = PBXBuildFile; fileRef = 31CF4B9B2A33320A0044A51D /* EffraMedium-Italic.ttf */; };
		31CF4BAB2A3334550044A51D /* MovieDetailTableViewCell.swift in Sources */ = {isa = PBXBuildFile; fileRef = 31CF4BAA2A3334550044A51D /* MovieDetailTableViewCell.swift */; };
		F10FC1B52A335DF800B1F2EE /* Kingfisher in Frameworks */ = {isa = PBXBuildFile; productRef = F10FC1B42A335DF800B1F2EE /* Kingfisher */; };
		F10FC1BB2A337B7500B1F2EE /* MovieListViewController.swift in Sources */ = {isa = PBXBuildFile; fileRef = F10FC1BA2A337B7500B1F2EE /* MovieListViewController.swift */; };
		F10FC1BD2A33A77F00B1F2EE /* UIViewControllerExtension.swift in Sources */ = {isa = PBXBuildFile; fileRef = F10FC1BC2A33A77F00B1F2EE /* UIViewControllerExtension.swift */; };
		F10FC1C02A33BAAB00B1F2EE /* MovieRealmManager.swift in Sources */ = {isa = PBXBuildFile; fileRef = F10FC1BF2A33BAAB00B1F2EE /* MovieRealmManager.swift */; };
		F10FC1C32A345ACB00B1F2EE /* AlertManager.swift in Sources */ = {isa = PBXBuildFile; fileRef = F10FC1C22A345ACB00B1F2EE /* AlertManager.swift */; };
		F10FC1C72A347CB300B1F2EE /* UIView+Border.swift in Sources */ = {isa = PBXBuildFile; fileRef = F10FC1C62A347CB300B1F2EE /* UIView+Border.swift */; };
		F10FC1CC2A34C4D800B1F2EE /* MovieViewModelProtocol.swift in Sources */ = {isa = PBXBuildFile; fileRef = F10FC1CB2A34C4D800B1F2EE /* MovieViewModelProtocol.swift */; };
		F10FC1CE2A34C52D00B1F2EE /* MovieViewModel.swift in Sources */ = {isa = PBXBuildFile; fileRef = F10FC1CD2A34C52D00B1F2EE /* MovieViewModel.swift */; };
/* End PBXBuildFile section */

/* Begin PBXContainerItemProxy section */
		31A847292A3304B1009B6903 /* PBXContainerItemProxy */ = {
			isa = PBXContainerItemProxy;
			containerPortal = 31A8470A2A3304B0009B6903 /* Project object */;
			proxyType = 1;
			remoteGlobalIDString = 31A847112A3304B0009B6903;
			remoteInfo = MovieExplorer;
		};
		31A847332A3304B1009B6903 /* PBXContainerItemProxy */ = {
			isa = PBXContainerItemProxy;
			containerPortal = 31A8470A2A3304B0009B6903 /* Project object */;
			proxyType = 1;
			remoteGlobalIDString = 31A847112A3304B0009B6903;
			remoteInfo = MovieExplorer;
		};
/* End PBXContainerItemProxy section */

/* Begin PBXFileReference section */
		31A847122A3304B0009B6903 /* MovieExplorer.app */ = {isa = PBXFileReference; explicitFileType = wrapper.application; includeInIndex = 0; path = MovieExplorer.app; sourceTree = BUILT_PRODUCTS_DIR; };
		31A847152A3304B0009B6903 /* AppDelegate.swift */ = {isa = PBXFileReference; lastKnownFileType = sourcecode.swift; path = AppDelegate.swift; sourceTree = "<group>"; };
		31A8471E2A3304B1009B6903 /* Assets.xcassets */ = {isa = PBXFileReference; lastKnownFileType = folder.assetcatalog; path = Assets.xcassets; sourceTree = "<group>"; };
		31A847212A3304B1009B6903 /* Base */ = {isa = PBXFileReference; lastKnownFileType = file.storyboard; name = Base; path = Base.lproj/LaunchScreen.storyboard; sourceTree = "<group>"; };
		31A847232A3304B1009B6903 /* Info.plist */ = {isa = PBXFileReference; lastKnownFileType = text.plist.xml; path = Info.plist; sourceTree = "<group>"; };
		31A847282A3304B1009B6903 /* MovieExplorerTests.xctest */ = {isa = PBXFileReference; explicitFileType = wrapper.cfbundle; includeInIndex = 0; path = MovieExplorerTests.xctest; sourceTree = BUILT_PRODUCTS_DIR; };
		31A8472C2A3304B1009B6903 /* MovieExplorerTests.swift */ = {isa = PBXFileReference; lastKnownFileType = sourcecode.swift; path = MovieExplorerTests.swift; sourceTree = "<group>"; };
		31A847322A3304B1009B6903 /* MovieExplorerUITests.xctest */ = {isa = PBXFileReference; explicitFileType = wrapper.cfbundle; includeInIndex = 0; path = MovieExplorerUITests.xctest; sourceTree = BUILT_PRODUCTS_DIR; };
		31A847362A3304B1009B6903 /* MovieExplorerUITests.swift */ = {isa = PBXFileReference; lastKnownFileType = sourcecode.swift; path = MovieExplorerUITests.swift; sourceTree = "<group>"; };
		31A847382A3304B1009B6903 /* MovieExplorerUITestsLaunchTests.swift */ = {isa = PBXFileReference; lastKnownFileType = sourcecode.swift; path = MovieExplorerUITestsLaunchTests.swift; sourceTree = "<group>"; };
		31A847B42A33086E009B6903 /* ParameterEncoding.swift */ = {isa = PBXFileReference; fileEncoding = 4; lastKnownFileType = sourcecode.swift; path = ParameterEncoding.swift; sourceTree = "<group>"; };
		31A847B52A33086E009B6903 /* URLParameterEncoding.swift */ = {isa = PBXFileReference; fileEncoding = 4; lastKnownFileType = sourcecode.swift; path = URLParameterEncoding.swift; sourceTree = "<group>"; };
		31A847B62A33086E009B6903 /* JSONParameterEncoder.swift */ = {isa = PBXFileReference; fileEncoding = 4; lastKnownFileType = sourcecode.swift; path = JSONParameterEncoder.swift; sourceTree = "<group>"; };
		31A847B82A33086E009B6903 /* MoviesEndpoints.swift */ = {isa = PBXFileReference; fileEncoding = 4; lastKnownFileType = sourcecode.swift; path = MoviesEndpoints.swift; sourceTree = "<group>"; };
		31A847BA2A33086E009B6903 /* SyncDataManager.swift */ = {isa = PBXFileReference; fileEncoding = 4; lastKnownFileType = sourcecode.swift; path = SyncDataManager.swift; sourceTree = "<group>"; };
		31A847BC2A33086E009B6903 /* HTTPTask.swift */ = {isa = PBXFileReference; fileEncoding = 4; lastKnownFileType = sourcecode.swift; path = HTTPTask.swift; sourceTree = "<group>"; };
		31A847BD2A33086E009B6903 /* HTTPMethod.swift */ = {isa = PBXFileReference; fileEncoding = 4; lastKnownFileType = sourcecode.swift; path = HTTPMethod.swift; sourceTree = "<group>"; };
		31A847BE2A33086E009B6903 /* Router.swift */ = {isa = PBXFileReference; fileEncoding = 4; lastKnownFileType = sourcecode.swift; path = Router.swift; sourceTree = "<group>"; };
		31A847BF2A33086E009B6903 /* HTTPHeaders.swift */ = {isa = PBXFileReference; fileEncoding = 4; lastKnownFileType = sourcecode.swift; path = HTTPHeaders.swift; sourceTree = "<group>"; };
		31A847C02A33086E009B6903 /* NetworkLogger.swift */ = {isa = PBXFileReference; fileEncoding = 4; lastKnownFileType = sourcecode.swift; path = NetworkLogger.swift; sourceTree = "<group>"; };
		31A847C12A33086E009B6903 /* EndPointType.swift */ = {isa = PBXFileReference; fileEncoding = 4; lastKnownFileType = sourcecode.swift; path = EndPointType.swift; sourceTree = "<group>"; };
		31A847C32A33086E009B6903 /* Manager.swift */ = {isa = PBXFileReference; fileEncoding = 4; lastKnownFileType = sourcecode.swift; path = Manager.swift; sourceTree = "<group>"; };
		31A847D12A3308A5009B6903 /* Movie.swift */ = {isa = PBXFileReference; fileEncoding = 4; lastKnownFileType = sourcecode.swift; path = Movie.swift; sourceTree = "<group>"; };
		31A847D22A3308A5009B6903 /* Movies.swift */ = {isa = PBXFileReference; fileEncoding = 4; lastKnownFileType = sourcecode.swift; path = Movies.swift; sourceTree = "<group>"; };
		31A847DB2A3308F4009B6903 /* Decodable+Extension.swift */ = {isa = PBXFileReference; fileEncoding = 4; lastKnownFileType = sourcecode.swift; path = "Decodable+Extension.swift"; sourceTree = "<group>"; };
		31A847DC2A3308F5009B6903 /* FontConstants.swift */ = {isa = PBXFileReference; fileEncoding = 4; lastKnownFileType = sourcecode.swift; path = FontConstants.swift; sourceTree = "<group>"; };
		31A847DD2A3308F5009B6903 /* UIColor+HexStringHelper.swift */ = {isa = PBXFileReference; fileEncoding = 4; lastKnownFileType = sourcecode.swift; path = "UIColor+HexStringHelper.swift"; sourceTree = "<group>"; };
		31A847DE2A3308F5009B6903 /* ColorConstants.swift */ = {isa = PBXFileReference; fileEncoding = 4; lastKnownFileType = sourcecode.swift; path = ColorConstants.swift; sourceTree = "<group>"; };
		31A847DF2A3308F5009B6903 /* kAPI.swift */ = {isa = PBXFileReference; fileEncoding = 4; lastKnownFileType = sourcecode.swift; path = kAPI.swift; sourceTree = "<group>"; };
		31A847E52A33090C009B6903 /* SceneDelegate.swift */ = {isa = PBXFileReference; fileEncoding = 4; lastKnownFileType = sourcecode.swift; path = SceneDelegate.swift; sourceTree = "<group>"; };
		31CF4AF02A330AA90044A51D /* HomeTabSelectorHeaderView.swift */ = {isa = PBXFileReference; fileEncoding = 4; lastKnownFileType = sourcecode.swift; path = HomeTabSelectorHeaderView.swift; sourceTree = "<group>"; };
		31CF4AF12A330AA90044A51D /* HomeTabSelectorCell.swift */ = {isa = PBXFileReference; fileEncoding = 4; lastKnownFileType = sourcecode.swift; path = HomeTabSelectorCell.swift; sourceTree = "<group>"; };
		31CF4B4E2A330C060044A51D /* Univers-CondensedLight.ttf */ = {isa = PBXFileReference; lastKnownFileType = file; path = "Univers-CondensedLight.ttf"; sourceTree = "<group>"; };
		31CF4B4F2A330C060044A51D /* Univers-Light.ttf */ = {isa = PBXFileReference; lastKnownFileType = file; path = "Univers-Light.ttf"; sourceTree = "<group>"; };
		31CF4B502A330C060044A51D /* Univers-Bold.ttf */ = {isa = PBXFileReference; lastKnownFileType = file; path = "Univers-Bold.ttf"; sourceTree = "<group>"; };
		31CF4B512A330C060044A51D /* Univers-CondensedBold.ttf */ = {isa = PBXFileReference; lastKnownFileType = file; path = "Univers-CondensedBold.ttf"; sourceTree = "<group>"; };
		31CF4B522A330C060044A51D /* Univers-Condensed.ttf */ = {isa = PBXFileReference; lastKnownFileType = file; path = "Univers-Condensed.ttf"; sourceTree = "<group>"; };
		31CF4B532A330C060044A51D /* Univers.ttf */ = {isa = PBXFileReference; lastKnownFileType = file; path = Univers.ttf; sourceTree = "<group>"; };
		31CF4B542A330C060044A51D /* Univers-BlackOblique.ttf */ = {isa = PBXFileReference; lastKnownFileType = file; path = "Univers-BlackOblique.ttf"; sourceTree = "<group>"; };
		31CF4B552A330C060044A51D /* Univers-Oblique.ttf */ = {isa = PBXFileReference; lastKnownFileType = file; path = "Univers-Oblique.ttf"; sourceTree = "<group>"; };
		31CF4B562A330C060044A51D /* Univers-BoldOblique.ttf */ = {isa = PBXFileReference; lastKnownFileType = file; path = "Univers-BoldOblique.ttf"; sourceTree = "<group>"; };
		31CF4B572A330C060044A51D /* Univers-CondensedOblique.ttf */ = {isa = PBXFileReference; lastKnownFileType = file; path = "Univers-CondensedOblique.ttf"; sourceTree = "<group>"; };
		31CF4B582A330C060044A51D /* Univers-CondensedBoldOblique.ttf */ = {isa = PBXFileReference; lastKnownFileType = file; path = "Univers-CondensedBoldOblique.ttf"; sourceTree = "<group>"; };
		31CF4B592A330C060044A51D /* Univers-CondensedLightOblique.ttf */ = {isa = PBXFileReference; lastKnownFileType = file; path = "Univers-CondensedLightOblique.ttf"; sourceTree = "<group>"; };
		31CF4B5A2A330C060044A51D /* Univers-LightOblique.ttf */ = {isa = PBXFileReference; lastKnownFileType = file; path = "Univers-LightOblique.ttf"; sourceTree = "<group>"; };
		31CF4B5B2A330C060044A51D /* Univers-Black.ttf */ = {isa = PBXFileReference; lastKnownFileType = file; path = "Univers-Black.ttf"; sourceTree = "<group>"; };
		31CF4B5D2A330C060044A51D /* Montserrat-Bold.ttf */ = {isa = PBXFileReference; lastKnownFileType = file; path = "Montserrat-Bold.ttf"; sourceTree = "<group>"; };
		31CF4B5E2A330C060044A51D /* Montserrat-Regular.ttf */ = {isa = PBXFileReference; lastKnownFileType = file; path = "Montserrat-Regular.ttf"; sourceTree = "<group>"; };
		31CF4B802A33118C0044A51D /* String+isBlank.swift */ = {isa = PBXFileReference; lastKnownFileType = sourcecode.swift; path = "String+isBlank.swift"; sourceTree = "<group>"; };
		31CF4B822A33137A0044A51D /* UIImage+ImageName.swift */ = {isa = PBXFileReference; lastKnownFileType = sourcecode.swift; path = "UIImage+ImageName.swift"; sourceTree = "<group>"; };
		31CF4B842A331AEC0044A51D /* CustomTextField.swift */ = {isa = PBXFileReference; lastKnownFileType = sourcecode.swift; path = CustomTextField.swift; sourceTree = "<group>"; };
		31CF4B8B2A33320A0044A51D /* Effra-BoldItalic.ttf */ = {isa = PBXFileReference; lastKnownFileType = file; path = "Effra-BoldItalic.ttf"; sourceTree = "<group>"; };
		31CF4B8D2A33320A0044A51D /* Effra-Regular.ttf */ = {isa = PBXFileReference; lastKnownFileType = file; path = "Effra-Regular.ttf"; sourceTree = "<group>"; };
		31CF4B8E2A33320A0044A51D /* Effra-Bold.ttf */ = {isa = PBXFileReference; lastKnownFileType = file; path = "Effra-Bold.ttf"; sourceTree = "<group>"; };
		31CF4B8F2A33320A0044A51D /* Effra-Italic.ttf */ = {isa = PBXFileReference; lastKnownFileType = file; path = "Effra-Italic.ttf"; sourceTree = "<group>"; };
		31CF4B922A33320A0044A51D /* EffraLight-Italic.ttf */ = {isa = PBXFileReference; lastKnownFileType = file; path = "EffraLight-Italic.ttf"; sourceTree = "<group>"; };
		31CF4B932A33320A0044A51D /* EffraLight-Regular.ttf */ = {isa = PBXFileReference; lastKnownFileType = file; path = "EffraLight-Regular.ttf"; sourceTree = "<group>"; };
		31CF4B952A33320A0044A51D /* EffraHeavy-Regular.ttf */ = {isa = PBXFileReference; lastKnownFileType = file; path = "EffraHeavy-Regular.ttf"; sourceTree = "<group>"; };
		31CF4B962A33320A0044A51D /* EffraHeavy-Italic.ttf */ = {isa = PBXFileReference; lastKnownFileType = file; path = "EffraHeavy-Italic.ttf"; sourceTree = "<group>"; };
		31CF4B9A2A33320A0044A51D /* EffraMedium-Regular.ttf */ = {isa = PBXFileReference; lastKnownFileType = file; path = "EffraMedium-Regular.ttf"; sourceTree = "<group>"; };
		31CF4B9B2A33320A0044A51D /* EffraMedium-Italic.ttf */ = {isa = PBXFileReference; lastKnownFileType = file; path = "EffraMedium-Italic.ttf"; sourceTree = "<group>"; };
		31CF4BAA2A3334550044A51D /* MovieDetailTableViewCell.swift */ = {isa = PBXFileReference; lastKnownFileType = sourcecode.swift; path = MovieDetailTableViewCell.swift; sourceTree = "<group>"; };
		F10FC1BA2A337B7500B1F2EE /* MovieListViewController.swift */ = {isa = PBXFileReference; fileEncoding = 4; lastKnownFileType = sourcecode.swift; path = MovieListViewController.swift; sourceTree = "<group>"; };
		F10FC1BC2A33A77F00B1F2EE /* UIViewControllerExtension.swift */ = {isa = PBXFileReference; lastKnownFileType = sourcecode.swift; path = UIViewControllerExtension.swift; sourceTree = "<group>"; };
		F10FC1BF2A33BAAB00B1F2EE /* MovieRealmManager.swift */ = {isa = PBXFileReference; lastKnownFileType = sourcecode.swift; path = MovieRealmManager.swift; sourceTree = "<group>"; };
		F10FC1C22A345ACB00B1F2EE /* AlertManager.swift */ = {isa = PBXFileReference; lastKnownFileType = sourcecode.swift; path = AlertManager.swift; sourceTree = "<group>"; };
		F10FC1C62A347CB300B1F2EE /* UIView+Border.swift */ = {isa = PBXFileReference; lastKnownFileType = sourcecode.swift; path = "UIView+Border.swift"; sourceTree = "<group>"; };
		F10FC1CB2A34C4D800B1F2EE /* MovieViewModelProtocol.swift */ = {isa = PBXFileReference; lastKnownFileType = sourcecode.swift; path = MovieViewModelProtocol.swift; sourceTree = "<group>"; };
		F10FC1CD2A34C52D00B1F2EE /* MovieViewModel.swift */ = {isa = PBXFileReference; lastKnownFileType = sourcecode.swift; path = MovieViewModel.swift; sourceTree = "<group>"; };
/* End PBXFileReference section */

/* Begin PBXFrameworksBuildPhase section */
		31A8470F2A3304B0009B6903 /* Frameworks */ = {
			isa = PBXFrameworksBuildPhase;
			buildActionMask = 2147483647;
			files = (
				31CF4B882A332C090044A51D /* SkeletonView in Frameworks */,
				31CF4B7F2A3311000044A51D /* SnapKit in Frameworks */,
				31A847D92A3308DE009B6903 /* RealmSwift in Frameworks */,
				31A847D72A3308DE009B6903 /* Realm in Frameworks */,
				F10FC1B52A335DF800B1F2EE /* Kingfisher in Frameworks */,
			);
			runOnlyForDeploymentPostprocessing = 0;
		};
		31A847252A3304B1009B6903 /* Frameworks */ = {
			isa = PBXFrameworksBuildPhase;
			buildActionMask = 2147483647;
			files = (
			);
			runOnlyForDeploymentPostprocessing = 0;
		};
		31A8472F2A3304B1009B6903 /* Frameworks */ = {
			isa = PBXFrameworksBuildPhase;
			buildActionMask = 2147483647;
			files = (
			);
			runOnlyForDeploymentPostprocessing = 0;
		};
/* End PBXFrameworksBuildPhase section */

/* Begin PBXGroup section */
		31A847092A3304B0009B6903 = {
			isa = PBXGroup;
			children = (
				31A847142A3304B0009B6903 /* MovieExplorer */,
				31A8472B2A3304B1009B6903 /* MovieExplorerTests */,
				31A847352A3304B1009B6903 /* MovieExplorerUITests */,
				31A847132A3304B0009B6903 /* Products */,
			);
			sourceTree = "<group>";
		};
		31A847132A3304B0009B6903 /* Products */ = {
			isa = PBXGroup;
			children = (
				31A847122A3304B0009B6903 /* MovieExplorer.app */,
				31A847282A3304B1009B6903 /* MovieExplorerTests.xctest */,
				31A847322A3304B1009B6903 /* MovieExplorerUITests.xctest */,
			);
			name = Products;
			sourceTree = "<group>";
		};
		31A847142A3304B0009B6903 /* MovieExplorer */ = {
			isa = PBXGroup;
			children = (
				F10FC1C12A345AA700B1F2EE /* Alert Manager */,
				F10FC1BE2A33BA8C00B1F2EE /* DB Manager */,
				F10FC1C82A347CC600B1F2EE /* Utils */,
				31A847D02A330885009B6903 /* Models */,
				31A847B22A33085B009B6903 /* Network Manager */,
				F10FC1B62A3362A400B1F2EE /* Movies */,
				31A847152A3304B0009B6903 /* AppDelegate.swift */,
				31CF4AF12A330AA90044A51D /* HomeTabSelectorCell.swift */,
				31CF4AF02A330AA90044A51D /* HomeTabSelectorHeaderView.swift */,
				31A847E52A33090C009B6903 /* SceneDelegate.swift */,
				31CF4AF62A330AEB0044A51D /* Resources */,
				31A847202A3304B1009B6903 /* LaunchScreen.storyboard */,
				31A847232A3304B1009B6903 /* Info.plist */,
			);
			path = MovieExplorer;
			sourceTree = "<group>";
		};
		31A8472B2A3304B1009B6903 /* MovieExplorerTests */ = {
			isa = PBXGroup;
			children = (
				31A8472C2A3304B1009B6903 /* MovieExplorerTests.swift */,
			);
			path = MovieExplorerTests;
			sourceTree = "<group>";
		};
		31A847352A3304B1009B6903 /* MovieExplorerUITests */ = {
			isa = PBXGroup;
			children = (
				31A847362A3304B1009B6903 /* MovieExplorerUITests.swift */,
				31A847382A3304B1009B6903 /* MovieExplorerUITestsLaunchTests.swift */,
			);
			path = MovieExplorerUITests;
			sourceTree = "<group>";
		};
		31A847B22A33085B009B6903 /* Network Manager */ = {
			isa = PBXGroup;
			children = (
				31A847B32A33086E009B6903 /* Encoding */,
				31A847B72A33086E009B6903 /* EndPoint */,
				31A847C22A33086E009B6903 /* Manager */,
				31A847B92A33086E009B6903 /* Offline Support */,
				31A847BB2A33086E009B6903 /* Service */,
			);
			path = "Network Manager";
			sourceTree = "<group>";
		};
		31A847B32A33086E009B6903 /* Encoding */ = {
			isa = PBXGroup;
			children = (
				31A847B42A33086E009B6903 /* ParameterEncoding.swift */,
				31A847B52A33086E009B6903 /* URLParameterEncoding.swift */,
				31A847B62A33086E009B6903 /* JSONParameterEncoder.swift */,
			);
			path = Encoding;
			sourceTree = "<group>";
		};
		31A847B72A33086E009B6903 /* EndPoint */ = {
			isa = PBXGroup;
			children = (
				31A847B82A33086E009B6903 /* MoviesEndpoints.swift */,
			);
			path = EndPoint;
			sourceTree = "<group>";
		};
		31A847B92A33086E009B6903 /* Offline Support */ = {
			isa = PBXGroup;
			children = (
				31A847BA2A33086E009B6903 /* SyncDataManager.swift */,
			);
			path = "Offline Support";
			sourceTree = "<group>";
		};
		31A847BB2A33086E009B6903 /* Service */ = {
			isa = PBXGroup;
			children = (
				31A847BC2A33086E009B6903 /* HTTPTask.swift */,
				31A847BD2A33086E009B6903 /* HTTPMethod.swift */,
				31A847BE2A33086E009B6903 /* Router.swift */,
				31A847BF2A33086E009B6903 /* HTTPHeaders.swift */,
				31A847C02A33086E009B6903 /* NetworkLogger.swift */,
				31A847C12A33086E009B6903 /* EndPointType.swift */,
			);
			path = Service;
			sourceTree = "<group>";
		};
		31A847C22A33086E009B6903 /* Manager */ = {
			isa = PBXGroup;
			children = (
				31A847C32A33086E009B6903 /* Manager.swift */,
			);
			path = Manager;
			sourceTree = "<group>";
		};
		31A847D02A330885009B6903 /* Models */ = {
			isa = PBXGroup;
			children = (
				31A847D12A3308A5009B6903 /* Movie.swift */,
				31A847D22A3308A5009B6903 /* Movies.swift */,
			);
			path = Models;
			sourceTree = "<group>";
		};
		31A847DA2A3308E4009B6903 /* Constants */ = {
			isa = PBXGroup;
			children = (
				31A847DC2A3308F5009B6903 /* FontConstants.swift */,
				31A847DF2A3308F5009B6903 /* kAPI.swift */,
				31A847DE2A3308F5009B6903 /* ColorConstants.swift */,
			);
			path = Constants;
			sourceTree = "<group>";
		};
		31CF4AF62A330AEB0044A51D /* Resources */ = {
			isa = PBXGroup;
			children = (
				31A8471E2A3304B1009B6903 /* Assets.xcassets */,
				31CF4B392A330C060044A51D /* Fonts */,
			);
			path = Resources;
			sourceTree = "<group>";
		};
		31CF4B392A330C060044A51D /* Fonts */ = {
			isa = PBXGroup;
			children = (
				31CF4B892A33320A0044A51D /* EffraFont */,
				31CF4B4D2A330C060044A51D /* Univers */,
				31CF4B5C2A330C060044A51D /* Montserrat */,
			);
			path = Fonts;
			sourceTree = "<group>";
		};
		31CF4B4D2A330C060044A51D /* Univers */ = {
			isa = PBXGroup;
			children = (
				31CF4B4E2A330C060044A51D /* Univers-CondensedLight.ttf */,
				31CF4B4F2A330C060044A51D /* Univers-Light.ttf */,
				31CF4B502A330C060044A51D /* Univers-Bold.ttf */,
				31CF4B512A330C060044A51D /* Univers-CondensedBold.ttf */,
				31CF4B522A330C060044A51D /* Univers-Condensed.ttf */,
				31CF4B532A330C060044A51D /* Univers.ttf */,
				31CF4B542A330C060044A51D /* Univers-BlackOblique.ttf */,
				31CF4B552A330C060044A51D /* Univers-Oblique.ttf */,
				31CF4B562A330C060044A51D /* Univers-BoldOblique.ttf */,
				31CF4B572A330C060044A51D /* Univers-CondensedOblique.ttf */,
				31CF4B582A330C060044A51D /* Univers-CondensedBoldOblique.ttf */,
				31CF4B592A330C060044A51D /* Univers-CondensedLightOblique.ttf */,
				31CF4B5A2A330C060044A51D /* Univers-LightOblique.ttf */,
				31CF4B5B2A330C060044A51D /* Univers-Black.ttf */,
			);
			path = Univers;
			sourceTree = "<group>";
		};
		31CF4B5C2A330C060044A51D /* Montserrat */ = {
			isa = PBXGroup;
			children = (
				31CF4B5D2A330C060044A51D /* Montserrat-Bold.ttf */,
				31CF4B5E2A330C060044A51D /* Montserrat-Regular.ttf */,
			);
			path = Montserrat;
			sourceTree = "<group>";
		};
		31CF4B892A33320A0044A51D /* EffraFont */ = {
			isa = PBXGroup;
			children = (
				31CF4B8A2A33320A0044A51D /* Effra */,
				31CF4B902A33320A0044A51D /* Effra Light */,
				31CF4B942A33320A0044A51D /* Effra Heavy */,
				31CF4B982A33320A0044A51D /* Effra Medium */,
			);
			path = EffraFont;
			sourceTree = "<group>";
		};
		31CF4B8A2A33320A0044A51D /* Effra */ = {
			isa = PBXGroup;
			children = (
				31CF4B8B2A33320A0044A51D /* Effra-BoldItalic.ttf */,
				31CF4B8D2A33320A0044A51D /* Effra-Regular.ttf */,
				31CF4B8E2A33320A0044A51D /* Effra-Bold.ttf */,
				31CF4B8F2A33320A0044A51D /* Effra-Italic.ttf */,
			);
			path = Effra;
			sourceTree = "<group>";
		};
		31CF4B902A33320A0044A51D /* Effra Light */ = {
			isa = PBXGroup;
			children = (
				31CF4B922A33320A0044A51D /* EffraLight-Italic.ttf */,
				31CF4B932A33320A0044A51D /* EffraLight-Regular.ttf */,
			);
			path = "Effra Light";
			sourceTree = "<group>";
		};
		31CF4B942A33320A0044A51D /* Effra Heavy */ = {
			isa = PBXGroup;
			children = (
				31CF4B952A33320A0044A51D /* EffraHeavy-Regular.ttf */,
				31CF4B962A33320A0044A51D /* EffraHeavy-Italic.ttf */,
			);
			path = "Effra Heavy";
			sourceTree = "<group>";
		};
		31CF4B982A33320A0044A51D /* Effra Medium */ = {
			isa = PBXGroup;
			children = (
				31CF4B9A2A33320A0044A51D /* EffraMedium-Regular.ttf */,
				31CF4B9B2A33320A0044A51D /* EffraMedium-Italic.ttf */,
			);
			path = "Effra Medium";
			sourceTree = "<group>";
		};
		F10FC1B62A3362A400B1F2EE /* Movies */ = {
			isa = PBXGroup;
			children = (
				F10FC1C92A34C46B00B1F2EE /* ViewModel */,
				F10FC1BA2A337B7500B1F2EE /* MovieListViewController.swift */,
				31CF4BAA2A3334550044A51D /* MovieDetailTableViewCell.swift */,
			);
			path = Movies;
			sourceTree = "<group>";
		};
		F10FC1BE2A33BA8C00B1F2EE /* DB Manager */ = {
			isa = PBXGroup;
			children = (
				F10FC1BF2A33BAAB00B1F2EE /* MovieRealmManager.swift */,
			);
			path = "DB Manager";
			sourceTree = "<group>";
		};
		F10FC1C12A345AA700B1F2EE /* Alert Manager */ = {
			isa = PBXGroup;
			children = (
				F10FC1C22A345ACB00B1F2EE /* AlertManager.swift */,
			);
			path = "Alert Manager";
			sourceTree = "<group>";
		};
		F10FC1C82A347CC600B1F2EE /* Utils */ = {
			isa = PBXGroup;
			children = (
				31A847DA2A3308E4009B6903 /* Constants */,
				31CF4B802A33118C0044A51D /* String+isBlank.swift */,
				31A847DB2A3308F4009B6903 /* Decodable+Extension.swift */,
				31A847DD2A3308F5009B6903 /* UIColor+HexStringHelper.swift */,
				31CF4B822A33137A0044A51D /* UIImage+ImageName.swift */,
				31CF4B842A331AEC0044A51D /* CustomTextField.swift */,
				F10FC1BC2A33A77F00B1F2EE /* UIViewControllerExtension.swift */,
				F10FC1C62A347CB300B1F2EE /* UIView+Border.swift */,
			);
			path = Utils;
			sourceTree = "<group>";
		};
		F10FC1C92A34C46B00B1F2EE /* ViewModel */ = {
			isa = PBXGroup;
			children = (
				F10FC1CA2A34C49600B1F2EE /* Protocol */,
				F10FC1CD2A34C52D00B1F2EE /* MovieViewModel.swift */,
			);
			path = ViewModel;
			sourceTree = "<group>";
		};
		F10FC1CA2A34C49600B1F2EE /* Protocol */ = {
			isa = PBXGroup;
			children = (
				F10FC1CB2A34C4D800B1F2EE /* MovieViewModelProtocol.swift */,
			);
			path = Protocol;
			sourceTree = "<group>";
		};
/* End PBXGroup section */

/* Begin PBXNativeTarget section */
		31A847112A3304B0009B6903 /* MovieExplorer */ = {
			isa = PBXNativeTarget;
			buildConfigurationList = 31A8473C2A3304B1009B6903 /* Build configuration list for PBXNativeTarget "MovieExplorer" */;
			buildPhases = (
				31A8470E2A3304B0009B6903 /* Sources */,
				31A8470F2A3304B0009B6903 /* Frameworks */,
				31A847102A3304B0009B6903 /* Resources */,
			);
			buildRules = (
			);
			dependencies = (
			);
			name = MovieExplorer;
			packageProductDependencies = (
				31A847D62A3308DE009B6903 /* Realm */,
				31A847D82A3308DE009B6903 /* RealmSwift */,
				31CF4B7E2A3311000044A51D /* SnapKit */,
				31CF4B872A332C090044A51D /* SkeletonView */,
				F10FC1B42A335DF800B1F2EE /* Kingfisher */,
			);
			productName = MovieExplorer;
			productReference = 31A847122A3304B0009B6903 /* MovieExplorer.app */;
			productType = "com.apple.product-type.application";
		};
		31A847272A3304B1009B6903 /* MovieExplorerTests */ = {
			isa = PBXNativeTarget;
			buildConfigurationList = 31A8473F2A3304B1009B6903 /* Build configuration list for PBXNativeTarget "MovieExplorerTests" */;
			buildPhases = (
				31A847242A3304B1009B6903 /* Sources */,
				31A847252A3304B1009B6903 /* Frameworks */,
				31A847262A3304B1009B6903 /* Resources */,
			);
			buildRules = (
			);
			dependencies = (
				31A8472A2A3304B1009B6903 /* PBXTargetDependency */,
			);
			name = MovieExplorerTests;
			productName = MovieExplorerTests;
			productReference = 31A847282A3304B1009B6903 /* MovieExplorerTests.xctest */;
			productType = "com.apple.product-type.bundle.unit-test";
		};
		31A847312A3304B1009B6903 /* MovieExplorerUITests */ = {
			isa = PBXNativeTarget;
			buildConfigurationList = 31A847422A3304B1009B6903 /* Build configuration list for PBXNativeTarget "MovieExplorerUITests" */;
			buildPhases = (
				31A8472E2A3304B1009B6903 /* Sources */,
				31A8472F2A3304B1009B6903 /* Frameworks */,
				31A847302A3304B1009B6903 /* Resources */,
			);
			buildRules = (
			);
			dependencies = (
				31A847342A3304B1009B6903 /* PBXTargetDependency */,
			);
			name = MovieExplorerUITests;
			productName = MovieExplorerUITests;
			productReference = 31A847322A3304B1009B6903 /* MovieExplorerUITests.xctest */;
			productType = "com.apple.product-type.bundle.ui-testing";
		};
/* End PBXNativeTarget section */

/* Begin PBXProject section */
		31A8470A2A3304B0009B6903 /* Project object */ = {
			isa = PBXProject;
			attributes = {
				BuildIndependentTargetsInParallel = 1;
				LastSwiftUpdateCheck = 1500;
				LastUpgradeCheck = 1500;
				TargetAttributes = {
					31A847112A3304B0009B6903 = {
						CreatedOnToolsVersion = 15.0;
					};
					31A847272A3304B1009B6903 = {
						CreatedOnToolsVersion = 15.0;
						TestTargetID = 31A847112A3304B0009B6903;
					};
					31A847312A3304B1009B6903 = {
						CreatedOnToolsVersion = 15.0;
						TestTargetID = 31A847112A3304B0009B6903;
					};
				};
			};
			buildConfigurationList = 31A8470D2A3304B0009B6903 /* Build configuration list for PBXProject "MovieExplorer" */;
			compatibilityVersion = "Xcode 14.0";
			developmentRegion = en;
			hasScannedForEncodings = 0;
			knownRegions = (
				en,
				Base,
			);
			mainGroup = 31A847092A3304B0009B6903;
			packageReferences = (
				31A847D52A3308DE009B6903 /* XCRemoteSwiftPackageReference "realm-swift" */,
				31CF4B7D2A3311000044A51D /* XCRemoteSwiftPackageReference "SnapKit" */,
				31CF4B862A332C090044A51D /* XCRemoteSwiftPackageReference "SkeletonView" */,
				F10FC1B32A335DF800B1F2EE /* XCRemoteSwiftPackageReference "Kingfisher" */,
			);
			productRefGroup = 31A847132A3304B0009B6903 /* Products */;
			projectDirPath = "";
			projectRoot = "";
			targets = (
				31A847112A3304B0009B6903 /* MovieExplorer */,
				31A847272A3304B1009B6903 /* MovieExplorerTests */,
				31A847312A3304B1009B6903 /* MovieExplorerUITests */,
			);
		};
/* End PBXProject section */

/* Begin PBXResourcesBuildPhase section */
		31A847102A3304B0009B6903 /* Resources */ = {
			isa = PBXResourcesBuildPhase;
			buildActionMask = 2147483647;
			files = (
				31CF4B7C2A330C060044A51D /* Montserrat-Regular.ttf in Resources */,
				31CF4BA52A33320A0044A51D /* EffraHeavy-Italic.ttf in Resources */,
				31CF4B732A330C060044A51D /* Univers-BlackOblique.ttf in Resources */,
				31CF4BA02A33320A0044A51D /* Effra-Italic.ttf in Resources */,
				31CF4B742A330C060044A51D /* Univers-Oblique.ttf in Resources */,
				31CF4B9E2A33320A0044A51D /* Effra-Regular.ttf in Resources */,
				31CF4B6E2A330C060044A51D /* Univers-Light.ttf in Resources */,
				31CF4B792A330C060044A51D /* Univers-LightOblique.ttf in Resources */,
				31CF4BA22A33320A0044A51D /* EffraLight-Italic.ttf in Resources */,
				31CF4B9C2A33320A0044A51D /* Effra-BoldItalic.ttf in Resources */,
				31CF4B6F2A330C060044A51D /* Univers-Bold.ttf in Resources */,
				31CF4BA42A33320A0044A51D /* EffraHeavy-Regular.ttf in Resources */,
				31CF4B762A330C060044A51D /* Univers-CondensedOblique.ttf in Resources */,
				31CF4BA82A33320A0044A51D /* EffraMedium-Regular.ttf in Resources */,
				31CF4B782A330C060044A51D /* Univers-CondensedLightOblique.ttf in Resources */,
				31CF4B752A330C060044A51D /* Univers-BoldOblique.ttf in Resources */,
				31A847222A3304B1009B6903 /* LaunchScreen.storyboard in Resources */,
				31CF4B7A2A330C060044A51D /* Univers-Black.ttf in Resources */,
				31CF4B722A330C060044A51D /* Univers.ttf in Resources */,
				31CF4B712A330C060044A51D /* Univers-Condensed.ttf in Resources */,
				31CF4BA32A33320A0044A51D /* EffraLight-Regular.ttf in Resources */,
				31CF4B9F2A33320A0044A51D /* Effra-Bold.ttf in Resources */,
				31CF4BA92A33320A0044A51D /* EffraMedium-Italic.ttf in Resources */,
				31A8471F2A3304B1009B6903 /* Assets.xcassets in Resources */,
				31CF4B7B2A330C060044A51D /* Montserrat-Bold.ttf in Resources */,
				31CF4B6D2A330C060044A51D /* Univers-CondensedLight.ttf in Resources */,
				31CF4B772A330C060044A51D /* Univers-CondensedBoldOblique.ttf in Resources */,
				31CF4B702A330C060044A51D /* Univers-CondensedBold.ttf in Resources */,
			);
			runOnlyForDeploymentPostprocessing = 0;
		};
		31A847262A3304B1009B6903 /* Resources */ = {
			isa = PBXResourcesBuildPhase;
			buildActionMask = 2147483647;
			files = (
			);
			runOnlyForDeploymentPostprocessing = 0;
		};
		31A847302A3304B1009B6903 /* Resources */ = {
			isa = PBXResourcesBuildPhase;
			buildActionMask = 2147483647;
			files = (
			);
			runOnlyForDeploymentPostprocessing = 0;
		};
/* End PBXResourcesBuildPhase section */

/* Begin PBXSourcesBuildPhase section */
		31A8470E2A3304B0009B6903 /* Sources */ = {
			isa = PBXSourcesBuildPhase;
			buildActionMask = 2147483647;
			files = (
				31CF4B832A33137A0044A51D /* UIImage+ImageName.swift in Sources */,
				31A847C92A33086E009B6903 /* HTTPTask.swift in Sources */,
				31A847C62A33086E009B6903 /* JSONParameterEncoder.swift in Sources */,
				31A847E42A3308F5009B6903 /* kAPI.swift in Sources */,
				31A847CC2A33086E009B6903 /* HTTPHeaders.swift in Sources */,
				31A847C42A33086E009B6903 /* ParameterEncoding.swift in Sources */,
				31A847C82A33086E009B6903 /* SyncDataManager.swift in Sources */,
				31CF4B852A331AEC0044A51D /* CustomTextField.swift in Sources */,
				31A847CB2A33086E009B6903 /* Router.swift in Sources */,
				31CF4AF32A330AA90044A51D /* HomeTabSelectorHeaderView.swift in Sources */,
				31A847D32A3308A5009B6903 /* Movie.swift in Sources */,
				F10FC1BB2A337B7500B1F2EE /* MovieListViewController.swift in Sources */,
				31A847E62A33090C009B6903 /* SceneDelegate.swift in Sources */,
				31CF4B812A33118C0044A51D /* String+isBlank.swift in Sources */,
				31A847CA2A33086E009B6903 /* HTTPMethod.swift in Sources */,
				F10FC1CE2A34C52D00B1F2EE /* MovieViewModel.swift in Sources */,
				F10FC1BD2A33A77F00B1F2EE /* UIViewControllerExtension.swift in Sources */,
				F10FC1C72A347CB300B1F2EE /* UIView+Border.swift in Sources */,
				31A847CF2A33086E009B6903 /* Manager.swift in Sources */,
				31A847C52A33086E009B6903 /* URLParameterEncoding.swift in Sources */,
				31CF4AF42A330AA90044A51D /* HomeTabSelectorCell.swift in Sources */,
				31A847E22A3308F5009B6903 /* UIColor+HexStringHelper.swift in Sources */,
				F10FC1CC2A34C4D800B1F2EE /* MovieViewModelProtocol.swift in Sources */,
				31CF4BAB2A3334550044A51D /* MovieDetailTableViewCell.swift in Sources */,
				31A847E32A3308F5009B6903 /* ColorConstants.swift in Sources */,
				F10FC1C02A33BAAB00B1F2EE /* MovieRealmManager.swift in Sources */,
				31A847E12A3308F5009B6903 /* FontConstants.swift in Sources */,
				31A847CE2A33086E009B6903 /* EndPointType.swift in Sources */,
				F10FC1C32A345ACB00B1F2EE /* AlertManager.swift in Sources */,
				31A847D42A3308A5009B6903 /* Movies.swift in Sources */,
				31A847C72A33086E009B6903 /* MoviesEndpoints.swift in Sources */,
				31A847162A3304B0009B6903 /* AppDelegate.swift in Sources */,
				31A847CD2A33086E009B6903 /* NetworkLogger.swift in Sources */,
				31A847E02A3308F5009B6903 /* Decodable+Extension.swift in Sources */,
			);
			runOnlyForDeploymentPostprocessing = 0;
		};
		31A847242A3304B1009B6903 /* Sources */ = {
			isa = PBXSourcesBuildPhase;
			buildActionMask = 2147483647;
			files = (
				31A8472D2A3304B1009B6903 /* MovieExplorerTests.swift in Sources */,
			);
			runOnlyForDeploymentPostprocessing = 0;
		};
		31A8472E2A3304B1009B6903 /* Sources */ = {
			isa = PBXSourcesBuildPhase;
			buildActionMask = 2147483647;
			files = (
				31A847392A3304B1009B6903 /* MovieExplorerUITestsLaunchTests.swift in Sources */,
				31A847372A3304B1009B6903 /* MovieExplorerUITests.swift in Sources */,
			);
			runOnlyForDeploymentPostprocessing = 0;
		};
/* End PBXSourcesBuildPhase section */

/* Begin PBXTargetDependency section */
		31A8472A2A3304B1009B6903 /* PBXTargetDependency */ = {
			isa = PBXTargetDependency;
			target = 31A847112A3304B0009B6903 /* MovieExplorer */;
			targetProxy = 31A847292A3304B1009B6903 /* PBXContainerItemProxy */;
		};
		31A847342A3304B1009B6903 /* PBXTargetDependency */ = {
			isa = PBXTargetDependency;
			target = 31A847112A3304B0009B6903 /* MovieExplorer */;
			targetProxy = 31A847332A3304B1009B6903 /* PBXContainerItemProxy */;
		};
/* End PBXTargetDependency section */

/* Begin PBXVariantGroup section */
		31A847202A3304B1009B6903 /* LaunchScreen.storyboard */ = {
			isa = PBXVariantGroup;
			children = (
				31A847212A3304B1009B6903 /* Base */,
			);
			name = LaunchScreen.storyboard;
			sourceTree = "<group>";
		};
/* End PBXVariantGroup section */

/* Begin XCBuildConfiguration section */
		31A8473A2A3304B1009B6903 /* Debug */ = {
			isa = XCBuildConfiguration;
			buildSettings = {
				ALWAYS_SEARCH_USER_PATHS = NO;
				ASSETCATALOG_COMPILER_GENERATE_SWIFT_ASSET_SYMBOL_EXTENSIONS = YES;
				CLANG_ANALYZER_NONNULL = YES;
				CLANG_ANALYZER_NUMBER_OBJECT_CONVERSION = YES_AGGRESSIVE;
				CLANG_CXX_LANGUAGE_STANDARD = "gnu++20";
				CLANG_ENABLE_MODULES = YES;
				CLANG_ENABLE_OBJC_ARC = YES;
				CLANG_ENABLE_OBJC_WEAK = YES;
				CLANG_WARN_BLOCK_CAPTURE_AUTORELEASING = YES;
				CLANG_WARN_BOOL_CONVERSION = YES;
				CLANG_WARN_COMMA = YES;
				CLANG_WARN_CONSTANT_CONVERSION = YES;
				CLANG_WARN_DEPRECATED_OBJC_IMPLEMENTATIONS = YES;
				CLANG_WARN_DIRECT_OBJC_ISA_USAGE = YES_ERROR;
				CLANG_WARN_DOCUMENTATION_COMMENTS = YES;
				CLANG_WARN_EMPTY_BODY = YES;
				CLANG_WARN_ENUM_CONVERSION = YES;
				CLANG_WARN_INFINITE_RECURSION = YES;
				CLANG_WARN_INT_CONVERSION = YES;
				CLANG_WARN_NON_LITERAL_NULL_CONVERSION = YES;
				CLANG_WARN_OBJC_IMPLICIT_RETAIN_SELF = YES;
				CLANG_WARN_OBJC_LITERAL_CONVERSION = YES;
				CLANG_WARN_OBJC_ROOT_CLASS = YES_ERROR;
				CLANG_WARN_QUOTED_INCLUDE_IN_FRAMEWORK_HEADER = YES;
				CLANG_WARN_RANGE_LOOP_ANALYSIS = YES;
				CLANG_WARN_STRICT_PROTOTYPES = YES;
				CLANG_WARN_SUSPICIOUS_MOVE = YES;
				CLANG_WARN_UNGUARDED_AVAILABILITY = YES_AGGRESSIVE;
				CLANG_WARN_UNREACHABLE_CODE = YES;
				CLANG_WARN__DUPLICATE_METHOD_MATCH = YES;
				COPY_PHASE_STRIP = NO;
				DEBUG_INFORMATION_FORMAT = dwarf;
				ENABLE_STRICT_OBJC_MSGSEND = YES;
				ENABLE_TESTABILITY = YES;
				ENABLE_USER_SCRIPT_SANDBOXING = YES;
				GCC_C_LANGUAGE_STANDARD = gnu17;
				GCC_DYNAMIC_NO_PIC = NO;
				GCC_NO_COMMON_BLOCKS = YES;
				GCC_OPTIMIZATION_LEVEL = 0;
				GCC_PREPROCESSOR_DEFINITIONS = (
					"DEBUG=1",
					"$(inherited)",
				);
				GCC_WARN_64_TO_32_BIT_CONVERSION = YES;
				GCC_WARN_ABOUT_RETURN_TYPE = YES_ERROR;
				GCC_WARN_UNDECLARED_SELECTOR = YES;
				GCC_WARN_UNINITIALIZED_AUTOS = YES_AGGRESSIVE;
				GCC_WARN_UNUSED_FUNCTION = YES;
				GCC_WARN_UNUSED_VARIABLE = YES;
				IPHONEOS_DEPLOYMENT_TARGET = 17.0;
				LOCALIZATION_PREFERS_STRING_CATALOGS = YES;
				MTL_ENABLE_DEBUG_INFO = INCLUDE_SOURCE;
				MTL_FAST_MATH = YES;
				ONLY_ACTIVE_ARCH = YES;
				SDKROOT = iphoneos;
				SWIFT_ACTIVE_COMPILATION_CONDITIONS = "DEBUG $(inherited)";
				SWIFT_OPTIMIZATION_LEVEL = "-Onone";
			};
			name = Debug;
		};
		31A8473B2A3304B1009B6903 /* Release */ = {
			isa = XCBuildConfiguration;
			buildSettings = {
				ALWAYS_SEARCH_USER_PATHS = NO;
				ASSETCATALOG_COMPILER_GENERATE_SWIFT_ASSET_SYMBOL_EXTENSIONS = YES;
				CLANG_ANALYZER_NONNULL = YES;
				CLANG_ANALYZER_NUMBER_OBJECT_CONVERSION = YES_AGGRESSIVE;
				CLANG_CXX_LANGUAGE_STANDARD = "gnu++20";
				CLANG_ENABLE_MODULES = YES;
				CLANG_ENABLE_OBJC_ARC = YES;
				CLANG_ENABLE_OBJC_WEAK = YES;
				CLANG_WARN_BLOCK_CAPTURE_AUTORELEASING = YES;
				CLANG_WARN_BOOL_CONVERSION = YES;
				CLANG_WARN_COMMA = YES;
				CLANG_WARN_CONSTANT_CONVERSION = YES;
				CLANG_WARN_DEPRECATED_OBJC_IMPLEMENTATIONS = YES;
				CLANG_WARN_DIRECT_OBJC_ISA_USAGE = YES_ERROR;
				CLANG_WARN_DOCUMENTATION_COMMENTS = YES;
				CLANG_WARN_EMPTY_BODY = YES;
				CLANG_WARN_ENUM_CONVERSION = YES;
				CLANG_WARN_INFINITE_RECURSION = YES;
				CLANG_WARN_INT_CONVERSION = YES;
				CLANG_WARN_NON_LITERAL_NULL_CONVERSION = YES;
				CLANG_WARN_OBJC_IMPLICIT_RETAIN_SELF = YES;
				CLANG_WARN_OBJC_LITERAL_CONVERSION = YES;
				CLANG_WARN_OBJC_ROOT_CLASS = YES_ERROR;
				CLANG_WARN_QUOTED_INCLUDE_IN_FRAMEWORK_HEADER = YES;
				CLANG_WARN_RANGE_LOOP_ANALYSIS = YES;
				CLANG_WARN_STRICT_PROTOTYPES = YES;
				CLANG_WARN_SUSPICIOUS_MOVE = YES;
				CLANG_WARN_UNGUARDED_AVAILABILITY = YES_AGGRESSIVE;
				CLANG_WARN_UNREACHABLE_CODE = YES;
				CLANG_WARN__DUPLICATE_METHOD_MATCH = YES;
				COPY_PHASE_STRIP = NO;
				DEBUG_INFORMATION_FORMAT = "dwarf-with-dsym";
				ENABLE_NS_ASSERTIONS = NO;
				ENABLE_STRICT_OBJC_MSGSEND = YES;
				ENABLE_USER_SCRIPT_SANDBOXING = YES;
				GCC_C_LANGUAGE_STANDARD = gnu17;
				GCC_NO_COMMON_BLOCKS = YES;
				GCC_WARN_64_TO_32_BIT_CONVERSION = YES;
				GCC_WARN_ABOUT_RETURN_TYPE = YES_ERROR;
				GCC_WARN_UNDECLARED_SELECTOR = YES;
				GCC_WARN_UNINITIALIZED_AUTOS = YES_AGGRESSIVE;
				GCC_WARN_UNUSED_FUNCTION = YES;
				GCC_WARN_UNUSED_VARIABLE = YES;
				IPHONEOS_DEPLOYMENT_TARGET = 17.0;
				LOCALIZATION_PREFERS_STRING_CATALOGS = YES;
				MTL_ENABLE_DEBUG_INFO = NO;
				MTL_FAST_MATH = YES;
				SDKROOT = iphoneos;
				SWIFT_COMPILATION_MODE = wholemodule;
				VALIDATE_PRODUCT = YES;
			};
			name = Release;
		};
		31A8473D2A3304B1009B6903 /* Debug */ = {
			isa = XCBuildConfiguration;
			buildSettings = {
				ASSETCATALOG_COMPILER_APPICON_NAME = AppIcon;
				ASSETCATALOG_COMPILER_GLOBAL_ACCENT_COLOR_NAME = AccentColor;
				CODE_SIGN_STYLE = Automatic;
				CURRENT_PROJECT_VERSION = 1;
				DEVELOPMENT_TEAM = DB27V729Z5;
				GENERATE_INFOPLIST_FILE = YES;
				INFOPLIST_FILE = MovieExplorer/Info.plist;
				INFOPLIST_KEY_UIApplicationSupportsIndirectInputEvents = YES;
				INFOPLIST_KEY_UILaunchStoryboardName = LaunchScreen;
				INFOPLIST_KEY_UISupportedInterfaceOrientations = UIInterfaceOrientationPortrait;
				INFOPLIST_KEY_UISupportedInterfaceOrientations_iPad = "UIInterfaceOrientationLandscapeLeft UIInterfaceOrientationLandscapeRight UIInterfaceOrientationPortrait UIInterfaceOrientationPortraitUpsideDown";
				IPHONEOS_DEPLOYMENT_TARGET = 14.0;
				LD_RUNPATH_SEARCH_PATHS = (
					"$(inherited)",
					"@executable_path/Frameworks",
				);
				MARKETING_VERSION = 1.0;
				PRODUCT_BUNDLE_IDENTIFIER = OluwaAppCreator.MovieExplorer1;
				PRODUCT_NAME = "$(TARGET_NAME)";
				SUPPORTED_PLATFORMS = "iphoneos iphonesimulator";
				SUPPORTS_MACCATALYST = NO;
				SUPPORTS_MAC_DESIGNED_FOR_IPHONE_IPAD = NO;
				SWIFT_EMIT_LOC_STRINGS = YES;
				SWIFT_VERSION = 5.0;
				TARGETED_DEVICE_FAMILY = 1;
			};
			name = Debug;
		};
		31A8473E2A3304B1009B6903 /* Release */ = {
			isa = XCBuildConfiguration;
			buildSettings = {
				ASSETCATALOG_COMPILER_APPICON_NAME = AppIcon;
				ASSETCATALOG_COMPILER_GLOBAL_ACCENT_COLOR_NAME = AccentColor;
				CODE_SIGN_STYLE = Automatic;
				CURRENT_PROJECT_VERSION = 1;
				DEVELOPMENT_TEAM = DB27V729Z5;
				GENERATE_INFOPLIST_FILE = YES;
				INFOPLIST_FILE = MovieExplorer/Info.plist;
				INFOPLIST_KEY_UIApplicationSupportsIndirectInputEvents = YES;
				INFOPLIST_KEY_UILaunchStoryboardName = LaunchScreen;
				INFOPLIST_KEY_UISupportedInterfaceOrientations = UIInterfaceOrientationPortrait;
				INFOPLIST_KEY_UISupportedInterfaceOrientations_iPad = "UIInterfaceOrientationLandscapeLeft UIInterfaceOrientationLandscapeRight UIInterfaceOrientationPortrait UIInterfaceOrientationPortraitUpsideDown";
				IPHONEOS_DEPLOYMENT_TARGET = 14.0;
				LD_RUNPATH_SEARCH_PATHS = (
					"$(inherited)",
					"@executable_path/Frameworks",
				);
				MARKETING_VERSION = 1.0;
				PRODUCT_BUNDLE_IDENTIFIER = OluwaAppCreator.MovieExplorer1;
				PRODUCT_NAME = "$(TARGET_NAME)";
				SUPPORTED_PLATFORMS = "iphoneos iphonesimulator";
				SUPPORTS_MACCATALYST = NO;
				SUPPORTS_MAC_DESIGNED_FOR_IPHONE_IPAD = NO;
				SWIFT_EMIT_LOC_STRINGS = YES;
				SWIFT_VERSION = 5.0;
				TARGETED_DEVICE_FAMILY = 1;
			};
			name = Release;
		};
		31A847402A3304B1009B6903 /* Debug */ = {
			isa = XCBuildConfiguration;
			buildSettings = {
				ALWAYS_EMBED_SWIFT_STANDARD_LIBRARIES = YES;
				BUNDLE_LOADER = "$(TEST_HOST)";
				CODE_SIGN_STYLE = Automatic;
				CURRENT_PROJECT_VERSION = 1;
				DEVELOPMENT_TEAM = 3K5BT8EBBM;
				GENERATE_INFOPLIST_FILE = YES;
				IPHONEOS_DEPLOYMENT_TARGET = 17.0;
				MARKETING_VERSION = 1.0;
				PRODUCT_BUNDLE_IDENTIFIER = OluwaAppCreator.MovieExplorerTests;
				PRODUCT_NAME = "$(TARGET_NAME)";
				SWIFT_EMIT_LOC_STRINGS = NO;
				SWIFT_VERSION = 5.0;
				TARGETED_DEVICE_FAMILY = "1,2";
				TEST_HOST = "$(BUILT_PRODUCTS_DIR)/MovieExplorer.app/$(BUNDLE_EXECUTABLE_FOLDER_PATH)/MovieExplorer";
			};
			name = Debug;
		};
		31A847412A3304B1009B6903 /* Release */ = {
			isa = XCBuildConfiguration;
			buildSettings = {
				ALWAYS_EMBED_SWIFT_STANDARD_LIBRARIES = YES;
				BUNDLE_LOADER = "$(TEST_HOST)";
				CODE_SIGN_STYLE = Automatic;
				CURRENT_PROJECT_VERSION = 1;
				DEVELOPMENT_TEAM = 3K5BT8EBBM;
				GENERATE_INFOPLIST_FILE = YES;
				IPHONEOS_DEPLOYMENT_TARGET = 17.0;
				MARKETING_VERSION = 1.0;
				PRODUCT_BUNDLE_IDENTIFIER = OluwaAppCreator.MovieExplorerTests;
				PRODUCT_NAME = "$(TARGET_NAME)";
				SWIFT_EMIT_LOC_STRINGS = NO;
				SWIFT_VERSION = 5.0;
				TARGETED_DEVICE_FAMILY = "1,2";
				TEST_HOST = "$(BUILT_PRODUCTS_DIR)/MovieExplorer.app/$(BUNDLE_EXECUTABLE_FOLDER_PATH)/MovieExplorer";
			};
			name = Release;
		};
		31A847432A3304B1009B6903 /* Debug */ = {
			isa = XCBuildConfiguration;
			buildSettings = {
				ALWAYS_EMBED_SWIFT_STANDARD_LIBRARIES = YES;
				CODE_SIGN_STYLE = Automatic;
				CURRENT_PROJECT_VERSION = 1;
				DEVELOPMENT_TEAM = 3K5BT8EBBM;
				GENERATE_INFOPLIST_FILE = YES;
				MARKETING_VERSION = 1.0;
				PRODUCT_BUNDLE_IDENTIFIER = OluwaAppCreator.MovieExplorerUITests;
				PRODUCT_NAME = "$(TARGET_NAME)";
				SWIFT_EMIT_LOC_STRINGS = NO;
				SWIFT_VERSION = 5.0;
				TARGETED_DEVICE_FAMILY = "1,2";
				TEST_TARGET_NAME = MovieExplorer;
			};
			name = Debug;
		};
		31A847442A3304B1009B6903 /* Release */ = {
			isa = XCBuildConfiguration;
			buildSettings = {
				ALWAYS_EMBED_SWIFT_STANDARD_LIBRARIES = YES;
				CODE_SIGN_STYLE = Automatic;
				CURRENT_PROJECT_VERSION = 1;
				DEVELOPMENT_TEAM = 3K5BT8EBBM;
				GENERATE_INFOPLIST_FILE = YES;
				MARKETING_VERSION = 1.0;
				PRODUCT_BUNDLE_IDENTIFIER = OluwaAppCreator.MovieExplorerUITests;
				PRODUCT_NAME = "$(TARGET_NAME)";
				SWIFT_EMIT_LOC_STRINGS = NO;
				SWIFT_VERSION = 5.0;
				TARGETED_DEVICE_FAMILY = "1,2";
				TEST_TARGET_NAME = MovieExplorer;
			};
			name = Release;
		};
/* End XCBuildConfiguration section */

/* Begin XCConfigurationList section */
		31A8470D2A3304B0009B6903 /* Build configuration list for PBXProject "MovieExplorer" */ = {
			isa = XCConfigurationList;
			buildConfigurations = (
				31A8473A2A3304B1009B6903 /* Debug */,
				31A8473B2A3304B1009B6903 /* Release */,
			);
			defaultConfigurationIsVisible = 0;
			defaultConfigurationName = Release;
		};
		31A8473C2A3304B1009B6903 /* Build configuration list for PBXNativeTarget "MovieExplorer" */ = {
			isa = XCConfigurationList;
			buildConfigurations = (
				31A8473D2A3304B1009B6903 /* Debug */,
				31A8473E2A3304B1009B6903 /* Release */,
			);
			defaultConfigurationIsVisible = 0;
			defaultConfigurationName = Release;
		};
		31A8473F2A3304B1009B6903 /* Build configuration list for PBXNativeTarget "MovieExplorerTests" */ = {
			isa = XCConfigurationList;
			buildConfigurations = (
				31A847402A3304B1009B6903 /* Debug */,
				31A847412A3304B1009B6903 /* Release */,
			);
			defaultConfigurationIsVisible = 0;
			defaultConfigurationName = Release;
		};
		31A847422A3304B1009B6903 /* Build configuration list for PBXNativeTarget "MovieExplorerUITests" */ = {
			isa = XCConfigurationList;
			buildConfigurations = (
				31A847432A3304B1009B6903 /* Debug */,
				31A847442A3304B1009B6903 /* Release */,
			);
			defaultConfigurationIsVisible = 0;
			defaultConfigurationName = Release;
		};
/* End XCConfigurationList section */

/* Begin XCRemoteSwiftPackageReference section */
		31A847D52A3308DE009B6903 /* XCRemoteSwiftPackageReference "realm-swift" */ = {
			isa = XCRemoteSwiftPackageReference;
			repositoryURL = "https://github.com/realm/realm-swift";
			requirement = {
				branch = master;
				kind = branch;
			};
		};
		31CF4B7D2A3311000044A51D /* XCRemoteSwiftPackageReference "SnapKit" */ = {
			isa = XCRemoteSwiftPackageReference;
			repositoryURL = "https://github.com/SnapKit/SnapKit";
			requirement = {
				kind = upToNextMajorVersion;
				minimumVersion = 5.6.0;
			};
		};
		31CF4B862A332C090044A51D /* XCRemoteSwiftPackageReference "SkeletonView" */ = {
			isa = XCRemoteSwiftPackageReference;
			repositoryURL = "https://github.com/Juanpe/SkeletonView";
			requirement = {
				kind = upToNextMajorVersion;
				minimumVersion = 1.30.4;
			};
		};
		F10FC1B32A335DF800B1F2EE /* XCRemoteSwiftPackageReference "Kingfisher" */ = {
			isa = XCRemoteSwiftPackageReference;
			repositoryURL = "https://github.com/onevcat/Kingfisher.git";
			requirement = {
				kind = upToNextMajorVersion;
				minimumVersion = 7.0.0;
			};
		};
/* End XCRemoteSwiftPackageReference section */

/* Begin XCSwiftPackageProductDependency section */
		31A847D62A3308DE009B6903 /* Realm */ = {
			isa = XCSwiftPackageProductDependency;
			package = 31A847D52A3308DE009B6903 /* XCRemoteSwiftPackageReference "realm-swift" */;
			productName = Realm;
		};
		31A847D82A3308DE009B6903 /* RealmSwift */ = {
			isa = XCSwiftPackageProductDependency;
			package = 31A847D52A3308DE009B6903 /* XCRemoteSwiftPackageReference "realm-swift" */;
			productName = RealmSwift;
		};
		31CF4B7E2A3311000044A51D /* SnapKit */ = {
			isa = XCSwiftPackageProductDependency;
			package = 31CF4B7D2A3311000044A51D /* XCRemoteSwiftPackageReference "SnapKit" */;
			productName = SnapKit;
		};
		31CF4B872A332C090044A51D /* SkeletonView */ = {
			isa = XCSwiftPackageProductDependency;
			package = 31CF4B862A332C090044A51D /* XCRemoteSwiftPackageReference "SkeletonView" */;
			productName = SkeletonView;
		};
		F10FC1B42A335DF800B1F2EE /* Kingfisher */ = {
			isa = XCSwiftPackageProductDependency;
			package = F10FC1B32A335DF800B1F2EE /* XCRemoteSwiftPackageReference "Kingfisher" */;
			productName = Kingfisher;
		};
/* End XCSwiftPackageProductDependency section */
	};
	rootObject = 31A8470A2A3304B0009B6903 /* Project object */;
}
